
Microsoft Visual Studio Solution File, Format Version 12.00
# Visual Studio Version 16
VisualStudioVersion = 16.0.31729.503
MinimumVisualStudioVersion = 10.0.40219.1
Project("{9A19103F-16F7-4668-BE54-9A1E7A4F7556}") = "WebApplication1", "WebApplication1\WebApplication1.csproj", "{E8154D22-7A5C-4A85-8A5D-7A2AFE4D0D0C}"
EndProject
Project("{2150E333-8FDC-42A3-9474-1A3956D46DE8}") = "Solution Folder", "Solution Folder", "{0D4D93B0-4F61-44A2-8A18-02824C445118}"
	ProjectSection(SolutionItems) = preProject
		.github\workflows\build.yml = .github\workflows\build.yml
	EndProjectSection
EndProject
Global
	GlobalSection(SolutionConfigurationPlatforms) = preSolution
		Debug|Any CPU = Debug|Any CPU
		Release|Any CPU = Release|Any CPU
	EndGlobalSection
	GlobalSection(ProjectConfigurationPlatforms) = postSolution
		{E8154D22-7A5C-4A85-8A5D-7A2AFE4D0D0C}.Debug|Any CPU.ActiveCfg = Debug|Any CPU
		{E8154D22-7A5C-4A85-8A5D-7A2AFE4D0D0C}.Debug|Any CPU.Build.0 = Debug|Any CPU
		{E8154D22-7A5C-4A85-8A5D-7A2AFE4D0D0C}.Release|Any CPU.ActiveCfg = Release|Any CPU
		{E8154D22-7A5C-4A85-8A5D-7A2AFE4D0D0C}.Release|Any CPU.Build.0 = Release|Any CPU
	EndGlobalSection
	GlobalSection(SolutionProperties) = preSolution
		HideSolutionNode = FALSE
	EndGlobalSection
	GlobalSection(ExtensibilityGlobals) = postSolution
		SolutionGuid = {EAD676B7-1F97-46DF-A287-05C4CFE27C49}
	EndGlobalSection
EndGlobal
